# THIS IS AN AUTOGENERATED FILE. DO NOT EDIT THIS FILE DIRECTLY.
# yarn lockfile v1


clone@^1.0.2:
  version "1.0.4"
  resolved "https://registry.yarnpkg.com/clone/-/clone-1.0.4.tgz#da309cc263df15994c688ca902179ca3c7cd7c7e"
  integrity sha1-2jCcwmPfFZlMaIypAheco8fNfH4=

console.table@^0.10.0:
  version "0.10.0"
  resolved "https://registry.yarnpkg.com/console.table/-/console.table-0.10.0.tgz#0917025588875befd70cf2eff4bef2c6e2d75d04"
  integrity sha1-CRcCVYiHW+/XDPLv9L7yxuLXXQQ=
  dependencies:
    easy-table "1.1.0"

defaults@^1.0.3:
  version "1.0.3"
  resolved "https://registry.yarnpkg.com/defaults/-/defaults-1.0.3.tgz#c656051e9817d9ff08ed881477f3fe4019f3ef7d"
  integrity sha1-xlYFHpgX2f8I7YgUd/P+QBnz730=
  dependencies:
    clone "^1.0.2"

easy-table@1.1.0:
  version "1.1.0"
  resolved "https://registry.yarnpkg.com/easy-table/-/easy-table-1.1.0.tgz#86f9ab4c102f0371b7297b92a651d5824bc8cb73"
  integrity sha1-hvmrTBAvA3G3KXuSplHVgkvIy3M=
  optionalDependencies:
    wcwidth ">=1.0.1"

exifr@^5.0.1:
  version "5.0.1"
  resolved "https://registry.yarnpkg.com/exifr/-/exifr-5.0.1.tgz#60c57675dc14b827f698da0acbbfd595c7729758"
  integrity sha512-6Vq+IVvq7oyRSTpEDMDalzupJZs7rauXL0gZeS2yU1BSA+1fAzJCJrfRHXjMMggtUyb/hJ9m9MlLf8AtvEsrUw==

fqueue@0.0.x:
  version "0.0.0"
  resolved "https://registry.yarnpkg.com/fqueue/-/fqueue-0.0.0.tgz#533205a4f9ad21bbaa38fc61cef3a930c2f54836"
  integrity sha1-UzIFpPmtIbuqOPxhzvOpMML1SDY=

fwalker@^1.0.2:
  version "1.0.2"
  resolved "https://registry.yarnpkg.com/fwalker/-/fwalker-1.0.2.tgz#6c1ca4a7ff00d59c7f8a9ad2590107c09a60669e"
  integrity sha512-8fORrz6hdq0pfn85x1m4x05Y32PYlrjlt6soL2bIJu644gZeC1wf34qzuHSlUqwnibrk3TdE7aGZSsjdZ6zQ4w==
  dependencies:
    fqueue "0.0.x"

wcwidth@>=1.0.1:
  version "1.0.1"
  resolved "https://registry.yarnpkg.com/wcwidth/-/wcwidth-1.0.1.tgz#f0b0dcf915bc5ff1528afadb2c0e17b532da2fe8"
  integrity sha1-8LDc+RW8X/FSivrbLA4XtTLaL+g=
  dependencies:
    defaults "^1.0.3"
